{
  "version": 4,
  "terraform_version": "1.4.6",
  "serial": 1197,
  "lineage": "9833dcea-25aa-3bed-6413-6d78febad4e9",
  "outputs": {},
  "resources": [
    {
      "mode": "managed",
      "type": "aws_vpc",
      "name": "My-vpc",
      "provider": "provider[\"registry.terraform.io/hashicorp/aws\"]",
      "instances": [
        {
          "schema_version": 1,
          "attributes": {
            "arn": "arn:aws:ec2:ap-northeast-2:309351180660:vpc/vpc-093b0fb0b98b1b190",
            "assign_generated_ipv6_cidr_block": false,
            "cidr_block": "10.0.0.0/16",
            "default_network_acl_id": "acl-01d5369b00d5b19d4",
            "default_route_table_id": "rtb-04404fe893d8e8a6b",
            "default_security_group_id": "sg-055390a55aa4dcde0",
            "dhcp_options_id": "dopt-0f0dc59896b00d9cc",
            "enable_classiclink": false,
            "enable_classiclink_dns_support": false,
            "enable_dns_hostnames": false,
            "enable_dns_support": true,
            "enable_network_address_usage_metrics": false,
            "id": "vpc-093b0fb0b98b1b190",
            "instance_tenancy": "default",
            "ipv4_ipam_pool_id": null,
            "ipv4_netmask_length": null,
            "ipv6_association_id": "",
            "ipv6_cidr_block": "",
            "ipv6_cidr_block_network_border_group": "",
            "ipv6_ipam_pool_id": "",
            "ipv6_netmask_length": 0,
            "main_route_table_id": "rtb-04404fe893d8e8a6b",
            "owner_id": "309351180660",
            "tags": {
              "Name": "My-vpc"
            },
            "tags_all": {
              "Name": "My-vpc"
            }
          },
          "sensitive_attributes": [],
          "private": "eyJzY2hlbWFfdmVyc2lvbiI6IjEifQ==",
          "create_before_destroy": true
        }
      ]
    }
  ],
  "check_results": null
}
