{
  "version": 4,
  "terraform_version": "1.4.6",
  "serial": 24,
  "lineage": "90cc127c-3f10-6be1-7020-ebcab9d3cb59",
  "outputs": {
    "all-arns": {
      "value": [
        "arn:aws:iam::309351180660:user/blue",
        "arn:aws:iam::309351180660:user/green",
        "arn:aws:iam::309351180660:user/red"
      ],
      "type": [
        "tuple",
        [
          "string",
          "string",
          "string"
        ]
      ]
    }
  },
  "resources": [
    {
      "mode": "managed",
      "type": "aws_iam_user",
      "name": "existing_user",
      "provider": "provider[\"registry.terraform.io/hashicorp/aws\"]",
      "instances": [
        {
          "index_key": "blue",
          "schema_version": 0,
          "attributes": {
            "arn": "arn:aws:iam::309351180660:user/blue",
            "force_destroy": false,
            "id": "blue",
            "name": "blue",
            "path": "/",
            "permissions_boundary": null,
            "tags": null,
            "tags_all": {},
            "unique_id": "AIDAUQBWENF2G6UYNKAOL"
          },
          "sensitive_attributes": [],
          "private": "bnVsbA=="
        },
        {
          "index_key": "green",
          "schema_version": 0,
          "attributes": {
            "arn": "arn:aws:iam::309351180660:user/green",
            "force_destroy": false,
            "id": "green",
            "name": "green",
            "path": "/",
            "permissions_boundary": null,
            "tags": null,
            "tags_all": {},
            "unique_id": "AIDAUQBWENF2CEU36B3OE"
          },
          "sensitive_attributes": [],
          "private": "bnVsbA=="
        },
        {
          "index_key": "red",
          "schema_version": 0,
          "attributes": {
            "arn": "arn:aws:iam::309351180660:user/red",
            "force_destroy": false,
            "id": "red",
            "name": "red",
            "path": "/",
            "permissions_boundary": null,
            "tags": null,
            "tags_all": {},
            "unique_id": "AIDAUQBWENF2MVIW5ZEXX"
          },
          "sensitive_attributes": [],
          "private": "bnVsbA=="
        }
      ]
    }
  ],
  "check_results": null
}
